
Microsoft Visual Studio Solution File, Format Version 12.00
# Visual Studio Version 16
VisualStudioVersion = 16.0.30611.23
MinimumVisualStudioVersion = 10.0.40219.1
Project("{8BC9CEB8-8B4A-11D0-8D11-00A0C91BC942}") = "COP3530_Project3", "COP3530_Project3.vcxproj", "{C380D06B-FA17-4CA1-BD34-F283930489EE}"
EndProject
Global
	GlobalSection(SolutionConfigurationPlatforms) = preSolution
		Debug|x64 = Debug|x64
		Debug|x86 = Debug|x86
		Release|x64 = Release|x64
		Release|x86 = Release|x86
	EndGlobalSection
	GlobalSection(ProjectConfigurationPlatforms) = postSolution
		{C380D06B-FA17-4CA1-BD34-F283930489EE}.Debug|x64.ActiveCfg = Debug|x64
		{C380D06B-FA17-4CA1-BD34-F283930489EE}.Debug|x64.Build.0 = Debug|x64
		{C380D06B-FA17-4CA1-BD34-F283930489EE}.Debug|x86.ActiveCfg = Debug|Win32
		{C380D06B-FA17-4CA1-BD34-F283930489EE}.Debug|x86.Build.0 = Debug|Win32
		{C380D06B-FA17-4CA1-BD34-F283930489EE}.Release|x64.ActiveCfg = Release|x64
		{C380D06B-FA17-4CA1-BD34-F283930489EE}.Release|x64.Build.0 = Release|x64
		{C380D06B-FA17-4CA1-BD34-F283930489EE}.Release|x86.ActiveCfg = Release|Win32
		{C380D06B-FA17-4CA1-BD34-F283930489EE}.Release|x86.Build.0 = Release|Win32
	EndGlobalSection
	GlobalSection(SolutionProperties) = preSolution
		HideSolutionNode = FALSE
	EndGlobalSection
	GlobalSection(ExtensibilityGlobals) = postSolution
		SolutionGuid = {7979D7E1-33F5-4E1A-96E3-66112C315774}
	EndGlobalSection
EndGlobal
